
Microsoft Visual Studio Solution File, Format Version 12.00
# Visual Studio Version 17
VisualStudioVersion = 17.8.34525.116
MinimumVisualStudioVersion = 10.0.40219.1
Project("{9A19103F-16F7-4668-BE54-9A1E7A4F7556}") = "GoGoSumo.Server", "GoGoSumo.Server\GoGoSumo.Server.csproj", "{DC159B11-6EBB-4720-925B-0B7B63D005AF}"
EndProject
Project("{2150E333-8FDC-42A3-9474-1A3956D46DE8}") = "Solution Items", "Solution Items", "{21F62186-45D5-4A98-854D-7975D193A4E2}"
	ProjectSection(SolutionItems) = preProject
		.gitignore = .gitignore
	EndProjectSection
EndProject
Project("{54A90642-561A-4BB1-A94E-469ADEE60C69}") = "gogosumo.client", "gogosumo.client\gogosumo.client.esproj", "{08A1DE18-A1E6-46DA-849A-777F2F982595}"
EndProject
Global
	GlobalSection(SolutionConfigurationPlatforms) = preSolution
		Debug|Any CPU = Debug|Any CPU
		Release|Any CPU = Release|Any CPU
	EndGlobalSection
	GlobalSection(ProjectConfigurationPlatforms) = postSolution
		{DC159B11-6EBB-4720-925B-0B7B63D005AF}.Debug|Any CPU.ActiveCfg = Debug|Any CPU
		{DC159B11-6EBB-4720-925B-0B7B63D005AF}.Debug|Any CPU.Build.0 = Debug|Any CPU
		{DC159B11-6EBB-4720-925B-0B7B63D005AF}.Release|Any CPU.ActiveCfg = Release|Any CPU
		{DC159B11-6EBB-4720-925B-0B7B63D005AF}.Release|Any CPU.Build.0 = Release|Any CPU
		{08A1DE18-A1E6-46DA-849A-777F2F982595}.Debug|Any CPU.ActiveCfg = Debug|Any CPU
		{08A1DE18-A1E6-46DA-849A-777F2F982595}.Debug|Any CPU.Build.0 = Debug|Any CPU
		{08A1DE18-A1E6-46DA-849A-777F2F982595}.Debug|Any CPU.Deploy.0 = Debug|Any CPU
		{08A1DE18-A1E6-46DA-849A-777F2F982595}.Release|Any CPU.ActiveCfg = Release|Any CPU
		{08A1DE18-A1E6-46DA-849A-777F2F982595}.Release|Any CPU.Build.0 = Release|Any CPU
		{08A1DE18-A1E6-46DA-849A-777F2F982595}.Release|Any CPU.Deploy.0 = Release|Any CPU
	EndGlobalSection
	GlobalSection(SolutionProperties) = preSolution
		HideSolutionNode = FALSE
	EndGlobalSection
	GlobalSection(ExtensibilityGlobals) = postSolution
		SolutionGuid = {990B2276-1C84-4B59-B9AE-46D8098FE7EE}
	EndGlobalSection
EndGlobal
